
Microsoft Visual Studio Solution File, Format Version 12.00
# Visual Studio 15
VisualStudioVersion = 15.0.28010.2050
MinimumVisualStudioVersion = 10.0.40219.1
Project("{FAE04EC0-301F-11D3-BF4B-00C04F79EFBC}") = "Automaton", "Automaton\Automaton.csproj", "{6125C505-1DE1-4CB3-A1F3-D2857A1E5D93}"
EndProject
Global
	GlobalSection(SolutionConfigurationPlatforms) = preSolution
		Debug|Any CPU = Debug|Any CPU
		Release|Any CPU = Release|Any CPU
	EndGlobalSection
	GlobalSection(ProjectConfigurationPlatforms) = postSolution
		{6125C505-1DE1-4CB3-A1F3-D2857A1E5D93}.Debug|Any CPU.ActiveCfg = Debug|Any CPU
		{6125C505-1DE1-4CB3-A1F3-D2857A1E5D93}.Debug|Any CPU.Build.0 = Debug|Any CPU
		{6125C505-1DE1-4CB3-A1F3-D2857A1E5D93}.Release|Any CPU.ActiveCfg = Release|Any CPU
		{6125C505-1DE1-4CB3-A1F3-D2857A1E5D93}.Release|Any CPU.Build.0 = Release|Any CPU
	EndGlobalSection
	GlobalSection(SolutionProperties) = preSolution
		HideSolutionNode = FALSE
	EndGlobalSection
	GlobalSection(ExtensibilityGlobals) = postSolution
		SolutionGuid = {EF05A304-29C8-4292-823C-65D507986E00}
	EndGlobalSection
EndGlobal
